
Microsoft Visual Studio Solution File, Format Version 12.00
# Visual Studio Version 17
VisualStudioVersion = 17.0.32126.317
MinimumVisualStudioVersion = 10.0.40219.1
Project("{FAE04EC0-301F-11D3-BF4B-00C04F79EFBC}") = "WebBookingCar", "WebBookingCar.csproj", "{A8B2B636-D173-4424-83DD-E2C40F5C04EC}"
EndProject
Global
	GlobalSection(SolutionConfigurationPlatforms) = preSolution
		Debug|Any CPU = Debug|Any CPU
		Release|Any CPU = Release|Any CPU
	EndGlobalSection
	GlobalSection(ProjectConfigurationPlatforms) = postSolution
		{A8B2B636-D173-4424-83DD-E2C40F5C04EC}.Debug|Any CPU.ActiveCfg = Debug|Any CPU
		{A8B2B636-D173-4424-83DD-E2C40F5C04EC}.Debug|Any CPU.Build.0 = Debug|Any CPU
		{A8B2B636-D173-4424-83DD-E2C40F5C04EC}.Release|Any CPU.ActiveCfg = Release|Any CPU
		{A8B2B636-D173-4424-83DD-E2C40F5C04EC}.Release|Any CPU.Build.0 = Release|Any CPU
	EndGlobalSection
	GlobalSection(SolutionProperties) = preSolution
		HideSolutionNode = FALSE
	EndGlobalSection
	GlobalSection(ExtensibilityGlobals) = postSolution
		SolutionGuid = {AB8256C4-909A-4554-9AD8-E6920BC3EC76}
	EndGlobalSection
EndGlobal
